
Microsoft Visual Studio Solution File, Format Version 12.00
# Visual Studio Version 17
VisualStudioVersion = 17.10.35013.160
MinimumVisualStudioVersion = 10.0.40219.1
Project("{FAE04EC0-301F-11D3-BF4B-00C04F79EFBC}") = "EDT.WorkOrderAgent.Shared", "EDT.WorkOrderAgent.Shared\EDT.WorkOrderAgent.Shared.csproj", "{9EFBD542-D3CE-4554-9845-4F3ECA95E5D6}"
EndProject
Project("{FAE04EC0-301F-11D3-BF4B-00C04F79EFBC}") = "EDT.WorkOrderAgent.Service", "EDT.WorkOrderAgent.Service\EDT.WorkOrderAgent.Service.csproj", "{3481CDAF-AB5B-4A9C-8D6C-CEC37D356F6C}"
EndProject
Project("{FAE04EC0-301F-11D3-BF4B-00C04F79EFBC}") = "EDT.WorkOrderAgent.Portal", "EDT.WorkOrderAgent.Portal\EDT.WorkOrderAgent.Portal.csproj", "{A5172EE9-4AAD-469D-A122-5112736A3B1F}"
EndProject
Global
	GlobalSection(SolutionConfigurationPlatforms) = preSolution
		Debug|Any CPU = Debug|Any CPU
		Release|Any CPU = Release|Any CPU
	EndGlobalSection
	GlobalSection(ProjectConfigurationPlatforms) = postSolution
		{9EFBD542-D3CE-4554-9845-4F3ECA95E5D6}.Debug|Any CPU.ActiveCfg = Debug|Any CPU
		{9EFBD542-D3CE-4554-9845-4F3ECA95E5D6}.Debug|Any CPU.Build.0 = Debug|Any CPU
		{9EFBD542-D3CE-4554-9845-4F3ECA95E5D6}.Release|Any CPU.ActiveCfg = Release|Any CPU
		{9EFBD542-D3CE-4554-9845-4F3ECA95E5D6}.Release|Any CPU.Build.0 = Release|Any CPU
		{3481CDAF-AB5B-4A9C-8D6C-CEC37D356F6C}.Debug|Any CPU.ActiveCfg = Debug|Any CPU
		{3481CDAF-AB5B-4A9C-8D6C-CEC37D356F6C}.Debug|Any CPU.Build.0 = Debug|Any CPU
		{3481CDAF-AB5B-4A9C-8D6C-CEC37D356F6C}.Release|Any CPU.ActiveCfg = Release|Any CPU
		{3481CDAF-AB5B-4A9C-8D6C-CEC37D356F6C}.Release|Any CPU.Build.0 = Release|Any CPU
		{A5172EE9-4AAD-469D-A122-5112736A3B1F}.Debug|Any CPU.ActiveCfg = Debug|Any CPU
		{A5172EE9-4AAD-469D-A122-5112736A3B1F}.Debug|Any CPU.Build.0 = Debug|Any CPU
		{A5172EE9-4AAD-469D-A122-5112736A3B1F}.Release|Any CPU.ActiveCfg = Release|Any CPU
		{A5172EE9-4AAD-469D-A122-5112736A3B1F}.Release|Any CPU.Build.0 = Release|Any CPU
	EndGlobalSection
	GlobalSection(SolutionProperties) = preSolution
		HideSolutionNode = FALSE
	EndGlobalSection
	GlobalSection(ExtensibilityGlobals) = postSolution
		SolutionGuid = {963A895C-0BB4-4BEC-B53D-6B44256D8117}
	EndGlobalSection
EndGlobal
